{
  "name": "Blog Tutorial",
  "lockfileVersion": 3,
  "requires": true,
  "packages": {
    "": {
      "devDependencies": {
        "@types/marked": "^5.0.1"
      }
    },
    "node_modules/@types/marked": {
      "version": "5.0.1",
      "resolved": "https://registry.npmjs.org/@types/marked/-/marked-5.0.1.tgz",
      "integrity": "sha512-Y3pAUzHKh605fN6fvASsz5FDSWbZcs/65Q6xYRmnIP9ZIYz27T4IOmXfH9gWJV1dpi7f1e7z7nBGUTx/a0ptpA==",
      "dev": true
    }
  }
}
